// !$*UTF8*$!
{
	archiveVersion = 1;
	classes = {
	};
	objectVersion = 55;
	objects = {

/* Begin PBXBuildFile section */
		39B8AE002805C23B00F3B104 /* AppDelegate.swift in Sources */ = {isa = PBXBuildFile; fileRef = 39B8ADFF2805C23B00F3B104 /* AppDelegate.swift */; };
		39B8AE022805C23B00F3B104 /* SceneDelegate.swift in Sources */ = {isa = PBXBuildFile; fileRef = 39B8AE012805C23B00F3B104 /* SceneDelegate.swift */; };
		39B8AE042805C23B00F3B104 /* ViewController.swift in Sources */ = {isa = PBXBuildFile; fileRef = 39B8AE032805C23B00F3B104 /* ViewController.swift */; };
		39B8AE072805C23B00F3B104 /* Main.storyboard in Resources */ = {isa = PBXBuildFile; fileRef = 39B8AE052805C23B00F3B104 /* Main.storyboard */; };
		39B8AE0A2805C23B00F3B104 /* AppList.xcdatamodeld in Sources */ = {isa = PBXBuildFile; fileRef = 39B8AE082805C23B00F3B104 /* AppList.xcdatamodeld */; };
		39B8AE0C2805C23C00F3B104 /* Assets.xcassets in Resources */ = {isa = PBXBuildFile; fileRef = 39B8AE0B2805C23C00F3B104 /* Assets.xcassets */; };
		39B8AE0F2805C23C00F3B104 /* LaunchScreen.storyboard in Resources */ = {isa = PBXBuildFile; fileRef = 39B8AE0D2805C23C00F3B104 /* LaunchScreen.storyboard */; };
		39B8AE1A2805C23C00F3B104 /* AppListTests.swift in Sources */ = {isa = PBXBuildFile; fileRef = 39B8AE192805C23C00F3B104 /* AppListTests.swift */; };
		39B8AE242805C23C00F3B104 /* AppListUITests.swift in Sources */ = {isa = PBXBuildFile; fileRef = 39B8AE232805C23C00F3B104 /* AppListUITests.swift */; };
		39B8AE262805C23C00F3B104 /* AppListUITestsLaunchTests.swift in Sources */ = {isa = PBXBuildFile; fileRef = 39B8AE252805C23C00F3B104 /* AppListUITestsLaunchTests.swift */; };
/* End PBXBuildFile section */

/* Begin PBXContainerItemProxy section */
		39B8AE162805C23C00F3B104 /* PBXContainerItemProxy */ = {
			isa = PBXContainerItemProxy;
			containerPortal = 39B8ADF42805C23B00F3B104 /* Project object */;
			proxyType = 1;
			remoteGlobalIDString = 39B8ADFB2805C23B00F3B104;
			remoteInfo = AppList;
		};
		39B8AE202805C23C00F3B104 /* PBXContainerItemProxy */ = {
			isa = PBXContainerItemProxy;
			containerPortal = 39B8ADF42805C23B00F3B104 /* Project object */;
			proxyType = 1;
			remoteGlobalIDString = 39B8ADFB2805C23B00F3B104;
			remoteInfo = AppList;
		};
/* End PBXContainerItemProxy section */

/* Begin PBXFileReference section */
		39B8ADFC2805C23B00F3B104 /* AppList.app */ = {isa = PBXFileReference; explicitFileType = wrapper.application; includeInIndex = 0; path = AppList.app; sourceTree = BUILT_PRODUCTS_DIR; };
		39B8ADFF2805C23B00F3B104 /* AppDelegate.swift */ = {isa = PBXFileReference; lastKnownFileType = sourcecode.swift; path = AppDelegate.swift; sourceTree = "<group>"; };
		39B8AE012805C23B00F3B104 /* SceneDelegate.swift */ = {isa = PBXFileReference; lastKnownFileType = sourcecode.swift; path = SceneDelegate.swift; sourceTree = "<group>"; };
		39B8AE032805C23B00F3B104 /* ViewController.swift */ = {isa = PBXFileReference; lastKnownFileType = sourcecode.swift; path = ViewController.swift; sourceTree = "<group>"; };
		39B8AE062805C23B00F3B104 /* Base */ = {isa = PBXFileReference; lastKnownFileType = file.storyboard; name = Base; path = Base.lproj/Main.storyboard; sourceTree = "<group>"; };
		39B8AE092805C23B00F3B104 /* AppList.xcdatamodel */ = {isa = PBXFileReference; lastKnownFileType = wrapper.xcdatamodel; path = AppList.xcdatamodel; sourceTree = "<group>"; };
		39B8AE0B2805C23C00F3B104 /* Assets.xcassets */ = {isa = PBXFileReference; lastKnownFileType = folder.assetcatalog; path = Assets.xcassets; sourceTree = "<group>"; };
		39B8AE0E2805C23C00F3B104 /* Base */ = {isa = PBXFileReference; lastKnownFileType = file.storyboard; name = Base; path = Base.lproj/LaunchScreen.storyboard; sourceTree = "<group>"; };
		39B8AE102805C23C00F3B104 /* Info.plist */ = {isa = PBXFileReference; lastKnownFileType = text.plist.xml; path = Info.plist; sourceTree = "<group>"; };
		39B8AE152805C23C00F3B104 /* AppListTests.xctest */ = {isa = PBXFileReference; explicitFileType = wrapper.cfbundle; includeInIndex = 0; path = AppListTests.xctest; sourceTree = BUILT_PRODUCTS_DIR; };
		39B8AE192805C23C00F3B104 /* AppListTests.swift */ = {isa = PBXFileReference; lastKnownFileType = sourcecode.swift; path = AppListTests.swift; sourceTree = "<group>"; };
		39B8AE1F2805C23C00F3B104 /* AppListUITests.xctest */ = {isa = PBXFileReference; explicitFileType = wrapper.cfbundle; includeInIndex = 0; path = AppListUITests.xctest; sourceTree = BUILT_PRODUCTS_DIR; };
		39B8AE232805C23C00F3B104 /* AppListUITests.swift */ = {isa = PBXFileReference; lastKnownFileType = sourcecode.swift; path = AppListUITests.swift; sourceTree = "<group>"; };
		39B8AE252805C23C00F3B104 /* AppListUITestsLaunchTests.swift */ = {isa = PBXFileReference; lastKnownFileType = sourcecode.swift; path = AppListUITestsLaunchTests.swift; sourceTree = "<group>"; };
/* End PBXFileReference section */

/* Begin PBXFrameworksBuildPhase section */
		39B8ADF92805C23B00F3B104 /* Frameworks */ = {
			isa = PBXFrameworksBuildPhase;
			buildActionMask = 2147483647;
			files = (
			);
			runOnlyForDeploymentPostprocessing = 0;
		};
		39B8AE122805C23C00F3B104 /* Frameworks */ = {
			isa = PBXFrameworksBuildPhase;
			buildActionMask = 2147483647;
			files = (
			);
			runOnlyForDeploymentPostprocessing = 0;
		};
		39B8AE1C2805C23C00F3B104 /* Frameworks */ = {
			isa = PBXFrameworksBuildPhase;
			buildActionMask = 2147483647;
			files = (
			);
			runOnlyForDeploymentPostprocessing = 0;
		};
/* End PBXFrameworksBuildPhase section */

/* Begin PBXGroup section */
		39B8ADF32805C23B00F3B104 = {
			isa = PBXGroup;
			children = (
				39B8ADFE2805C23B00F3B104 /* AppList */,
				39B8AE182805C23C00F3B104 /* AppListTests */,
				39B8AE222805C23C00F3B104 /* AppListUITests */,
				39B8ADFD2805C23B00F3B104 /* Products */,
			);
			sourceTree = "<group>";
		};
		39B8ADFD2805C23B00F3B104 /* Products */ = {
			isa = PBXGroup;
			children = (
				39B8ADFC2805C23B00F3B104 /* AppList.app */,
				39B8AE152805C23C00F3B104 /* AppListTests.xctest */,
				39B8AE1F2805C23C00F3B104 /* AppListUITests.xctest */,
			);
			name = Products;
			sourceTree = "<group>";
		};
		39B8ADFE2805C23B00F3B104 /* AppList */ = {
			isa = PBXGroup;
			children = (
				39B8ADFF2805C23B00F3B104 /* AppDelegate.swift */,
				39B8AE012805C23B00F3B104 /* SceneDelegate.swift */,
				39B8AE032805C23B00F3B104 /* ViewController.swift */,
				39B8AE052805C23B00F3B104 /* Main.storyboard */,
				39B8AE0B2805C23C00F3B104 /* Assets.xcassets */,
				39B8AE0D2805C23C00F3B104 /* LaunchScreen.storyboard */,
				39B8AE102805C23C00F3B104 /* Info.plist */,
				39B8AE082805C23B00F3B104 /* AppList.xcdatamodeld */,
			);
			path = AppList;
			sourceTree = "<group>";
		};
		39B8AE182805C23C00F3B104 /* AppListTests */ = {
			isa = PBXGroup;
			children = (
				39B8AE192805C23C00F3B104 /* AppListTests.swift */,
			);
			path = AppListTests;
			sourceTree = "<group>";
		};
		39B8AE222805C23C00F3B104 /* AppListUITests */ = {
			isa = PBXGroup;
			children = (
				39B8AE232805C23C00F3B104 /* AppListUITests.swift */,
				39B8AE252805C23C00F3B104 /* AppListUITestsLaunchTests.swift */,
			);
			path = AppListUITests;
			sourceTree = "<group>";
		};
/* End PBXGroup section */

/* Begin PBXNativeTarget section */
		39B8ADFB2805C23B00F3B104 /* AppList */ = {
			isa = PBXNativeTarget;
			buildConfigurationList = 39B8AE292805C23C00F3B104 /* Build configuration list for PBXNativeTarget "AppList" */;
			buildPhases = (
				39B8ADF82805C23B00F3B104 /* Sources */,
				39B8ADF92805C23B00F3B104 /* Frameworks */,
				39B8ADFA2805C23B00F3B104 /* Resources */,
			);
			buildRules = (
			);
			dependencies = (
			);
			name = AppList;
			productName = AppList;
			productReference = 39B8ADFC2805C23B00F3B104 /* AppList.app */;
			productType = "com.apple.product-type.application";
		};
		39B8AE142805C23C00F3B104 /* AppListTests */ = {
			isa = PBXNativeTarget;
			buildConfigurationList = 39B8AE2C2805C23C00F3B104 /* Build configuration list for PBXNativeTarget "AppListTests" */;
			buildPhases = (
				39B8AE112805C23C00F3B104 /* Sources */,
				39B8AE122805C23C00F3B104 /* Frameworks */,
				39B8AE132805C23C00F3B104 /* Resources */,
			);
			buildRules = (
			);
			dependencies = (
				39B8AE172805C23C00F3B104 /* PBXTargetDependency */,
			);
			name = AppListTests;
			productName = AppListTests;
			productReference = 39B8AE152805C23C00F3B104 /* AppListTests.xctest */;
			productType = "com.apple.product-type.bundle.unit-test";
		};
		39B8AE1E2805C23C00F3B104 /* AppListUITests */ = {
			isa = PBXNativeTarget;
			buildConfigurationList = 39B8AE2F2805C23C00F3B104 /* Build configuration list for PBXNativeTarget "AppListUITests" */;
			buildPhases = (
				39B8AE1B2805C23C00F3B104 /* Sources */,
				39B8AE1C2805C23C00F3B104 /* Frameworks */,
				39B8AE1D2805C23C00F3B104 /* Resources */,
			);
			buildRules = (
			);
			dependencies = (
				39B8AE212805C23C00F3B104 /* PBXTargetDependency */,
			);
			name = AppListUITests;
			productName = AppListUITests;
			productReference = 39B8AE1F2805C23C00F3B104 /* AppListUITests.xctest */;
			productType = "com.apple.product-type.bundle.ui-testing";
		};
/* End PBXNativeTarget section */

/* Begin PBXProject section */
		39B8ADF42805C23B00F3B104 /* Project object */ = {
			isa = PBXProject;
			attributes = {
				BuildIndependentTargetsInParallel = 1;
				LastSwiftUpdateCheck = 1330;
				LastUpgradeCheck = 1330;
				TargetAttributes = {
					39B8ADFB2805C23B00F3B104 = {
						CreatedOnToolsVersion = 13.3;
					};
					39B8AE142805C23C00F3B104 = {
						CreatedOnToolsVersion = 13.3;
						TestTargetID = 39B8ADFB2805C23B00F3B104;
					};
					39B8AE1E2805C23C00F3B104 = {
						CreatedOnToolsVersion = 13.3;
						TestTargetID = 39B8ADFB2805C23B00F3B104;
					};
				};
			};
			buildConfigurationList = 39B8ADF72805C23B00F3B104 /* Build configuration list for PBXProject "AppList" */;
			compatibilityVersion = "Xcode 13.0";
			developmentRegion = en;
			hasScannedForEncodings = 0;
			knownRegions = (
				en,
				Base,
			);
			mainGroup = 39B8ADF32805C23B00F3B104;
			productRefGroup = 39B8ADFD2805C23B00F3B104 /* Products */;
			projectDirPath = "";
			projectRoot = "";
			targets = (
				39B8ADFB2805C23B00F3B104 /* AppList */,
				39B8AE142805C23C00F3B104 /* AppListTests */,
				39B8AE1E2805C23C00F3B104 /* AppListUITests */,
			);
		};
/* End PBXProject section */

/* Begin PBXResourcesBuildPhase section */
		39B8ADFA2805C23B00F3B104 /* Resources */ = {
			isa = PBXResourcesBuildPhase;
			buildActionMask = 2147483647;
			files = (
				39B8AE0F2805C23C00F3B104 /* LaunchScreen.storyboard in Resources */,
				39B8AE0C2805C23C00F3B104 /* Assets.xcassets in Resources */,
				39B8AE072805C23B00F3B104 /* Main.storyboard in Resources */,
			);
			runOnlyForDeploymentPostprocessing = 0;
		};
		39B8AE132805C23C00F3B104 /* Resources */ = {
			isa = PBXResourcesBuildPhase;
			buildActionMask = 2147483647;
			files = (
			);
			runOnlyForDeploymentPostprocessing = 0;
		};
		39B8AE1D2805C23C00F3B104 /* Resources */ = {
			isa = PBXResourcesBuildPhase;
			buildActionMask = 2147483647;
			files = (
			);
			runOnlyForDeploymentPostprocessing = 0;
		};
/* End PBXResourcesBuildPhase section */

/* Begin PBXSourcesBuildPhase section */
		39B8ADF82805C23B00F3B104 /* Sources */ = {
			isa = PBXSourcesBuildPhase;
			buildActionMask = 2147483647;
			files = (
				39B8AE042805C23B00F3B104 /* ViewController.swift in Sources */,
				39B8AE0A2805C23B00F3B104 /* AppList.xcdatamodeld in Sources */,
				39B8AE002805C23B00F3B104 /* AppDelegate.swift in Sources */,
				39B8AE022805C23B00F3B104 /* SceneDelegate.swift in Sources */,
			);
			runOnlyForDeploymentPostprocessing = 0;
		};
		39B8AE112805C23C00F3B104 /* Sources */ = {
			isa = PBXSourcesBuildPhase;
			buildActionMask = 2147483647;
			files = (
				39B8AE1A2805C23C00F3B104 /* AppListTests.swift in Sources */,
			);
			runOnlyForDeploymentPostprocessing = 0;
		};
		39B8AE1B2805C23C00F3B104 /* Sources */ = {
			isa = PBXSourcesBuildPhase;
			buildActionMask = 2147483647;
			files = (
				39B8AE262805C23C00F3B104 /* AppListUITestsLaunchTests.swift in Sources */,
				39B8AE242805C23C00F3B104 /* AppListUITests.swift in Sources */,
			);
			runOnlyForDeploymentPostprocessing = 0;
		};
/* End PBXSourcesBuildPhase section */

/* Begin PBXTargetDependency section */
		39B8AE172805C23C00F3B104 /* PBXTargetDependency */ = {
			isa = PBXTargetDependency;
			target = 39B8ADFB2805C23B00F3B104 /* AppList */;
			targetProxy = 39B8AE162805C23C00F3B104 /* PBXContainerItemProxy */;
		};
		39B8AE212805C23C00F3B104 /* PBXTargetDependency */ = {
			isa = PBXTargetDependency;
			target = 39B8ADFB2805C23B00F3B104 /* AppList */;
			targetProxy = 39B8AE202805C23C00F3B104 /* PBXContainerItemProxy */;
		};
/* End PBXTargetDependency section */

/* Begin PBXVariantGroup section */
		39B8AE052805C23B00F3B104 /* Main.storyboard */ = {
			isa = PBXVariantGroup;
			children = (
				39B8AE062805C23B00F3B104 /* Base */,
			);
			name = Main.storyboard;
			sourceTree = "<group>";
		};
		39B8AE0D2805C23C00F3B104 /* LaunchScreen.storyboard */ = {
			isa = PBXVariantGroup;
			children = (
				39B8AE0E2805C23C00F3B104 /* Base */,
			);
			name = LaunchScreen.storyboard;
			sourceTree = "<group>";
		};
/* End PBXVariantGroup section */

/* Begin XCBuildConfiguration section */
		39B8AE272805C23C00F3B104 /* Debug */ = {
			isa = XCBuildConfiguration;
			buildSettings = {
				ALWAYS_SEARCH_USER_PATHS = NO;
				CLANG_ANALYZER_NONNULL = YES;
				CLANG_ANALYZER_NUMBER_OBJECT_CONVERSION = YES_AGGRESSIVE;
				CLANG_CXX_LANGUAGE_STANDARD = "gnu++17";
				CLANG_ENABLE_MODULES = YES;
				CLANG_ENABLE_OBJC_ARC = YES;
				CLANG_ENABLE_OBJC_WEAK = YES;
				CLANG_WARN_BLOCK_CAPTURE_AUTORELEASING = YES;
				CLANG_WARN_BOOL_CONVERSION = YES;
				CLANG_WARN_COMMA = YES;
				CLANG_WARN_CONSTANT_CONVERSION = YES;
				CLANG_WARN_DEPRECATED_OBJC_IMPLEMENTATIONS = YES;
				CLANG_WARN_DIRECT_OBJC_ISA_USAGE = YES_ERROR;
				CLANG_WARN_DOCUMENTATION_COMMENTS = YES;
				CLANG_WARN_EMPTY_BODY = YES;
				CLANG_WARN_ENUM_CONVERSION = YES;
				CLANG_WARN_INFINITE_RECURSION = YES;
				CLANG_WARN_INT_CONVERSION = YES;
				CLANG_WARN_NON_LITERAL_NULL_CONVERSION = YES;
				CLANG_WARN_OBJC_IMPLICIT_RETAIN_SELF = YES;
				CLANG_WARN_OBJC_LITERAL_CONVERSION = YES;
				CLANG_WARN_OBJC_ROOT_CLASS = YES_ERROR;
				CLANG_WARN_QUOTED_INCLUDE_IN_FRAMEWORK_HEADER = YES;
				CLANG_WARN_RANGE_LOOP_ANALYSIS = YES;
				CLANG_WARN_STRICT_PROTOTYPES = YES;
				CLANG_WARN_SUSPICIOUS_MOVE = YES;
				CLANG_WARN_UNGUARDED_AVAILABILITY = YES_AGGRESSIVE;
				CLANG_WARN_UNREACHABLE_CODE = YES;
				CLANG_WARN__DUPLICATE_METHOD_MATCH = YES;
				COPY_PHASE_STRIP = NO;
				DEBUG_INFORMATION_FORMAT = dwarf;
				ENABLE_STRICT_OBJC_MSGSEND = YES;
				ENABLE_TESTABILITY = YES;
				GCC_C_LANGUAGE_STANDARD = gnu11;
				GCC_DYNAMIC_NO_PIC = NO;
				GCC_NO_COMMON_BLOCKS = YES;
				GCC_OPTIMIZATION_LEVEL = 0;
				GCC_PREPROCESSOR_DEFINITIONS = (
					"DEBUG=1",
					"$(inherited)",
				);
				GCC_WARN_64_TO_32_BIT_CONVERSION = YES;
				GCC_WARN_ABOUT_RETURN_TYPE = YES_ERROR;
				GCC_WARN_UNDECLARED_SELECTOR = YES;
				GCC_WARN_UNINITIALIZED_AUTOS = YES_AGGRESSIVE;
				GCC_WARN_UNUSED_FUNCTION = YES;
				GCC_WARN_UNUSED_VARIABLE = YES;
				IPHONEOS_DEPLOYMENT_TARGET = 15.4;
				MTL_ENABLE_DEBUG_INFO = INCLUDE_SOURCE;
				MTL_FAST_MATH = YES;
				ONLY_ACTIVE_ARCH = YES;
				SDKROOT = iphoneos;
				SWIFT_ACTIVE_COMPILATION_CONDITIONS = DEBUG;
				SWIFT_OPTIMIZATION_LEVEL = "-Onone";
			};
			name = Debug;
		};
		39B8AE282805C23C00F3B104 /* Release */ = {
			isa = XCBuildConfiguration;
			buildSettings = {
				ALWAYS_SEARCH_USER_PATHS = NO;
				CLANG_ANALYZER_NONNULL = YES;
				CLANG_ANALYZER_NUMBER_OBJECT_CONVERSION = YES_AGGRESSIVE;
				CLANG_CXX_LANGUAGE_STANDARD = "gnu++17";
				CLANG_ENABLE_MODULES = YES;
				CLANG_ENABLE_OBJC_ARC = YES;
				CLANG_ENABLE_OBJC_WEAK = YES;
				CLANG_WARN_BLOCK_CAPTURE_AUTORELEASING = YES;
				CLANG_WARN_BOOL_CONVERSION = YES;
				CLANG_WARN_COMMA = YES;
				CLANG_WARN_CONSTANT_CONVERSION = YES;
				CLANG_WARN_DEPRECATED_OBJC_IMPLEMENTATIONS = YES;
				CLANG_WARN_DIRECT_OBJC_ISA_USAGE = YES_ERROR;
				CLANG_WARN_DOCUMENTATION_COMMENTS = YES;
				CLANG_WARN_EMPTY_BODY = YES;
				CLANG_WARN_ENUM_CONVERSION = YES;
				CLANG_WARN_INFINITE_RECURSION = YES;
				CLANG_WARN_INT_CONVERSION = YES;
				CLANG_WARN_NON_LITERAL_NULL_CONVERSION = YES;
				CLANG_WARN_OBJC_IMPLICIT_RETAIN_SELF = YES;
				CLANG_WARN_OBJC_LITERAL_CONVERSION = YES;
				CLANG_WARN_OBJC_ROOT_CLASS = YES_ERROR;
				CLANG_WARN_QUOTED_INCLUDE_IN_FRAMEWORK_HEADER = YES;
				CLANG_WARN_RANGE_LOOP_ANALYSIS = YES;
				CLANG_WARN_STRICT_PROTOTYPES = YES;
				CLANG_WARN_SUSPICIOUS_MOVE = YES;
				CLANG_WARN_UNGUARDED_AVAILABILITY = YES_AGGRESSIVE;
				CLANG_WARN_UNREACHABLE_CODE = YES;
				CLANG_WARN__DUPLICATE_METHOD_MATCH = YES;
				COPY_PHASE_STRIP = NO;
				DEBUG_INFORMATION_FORMAT = "dwarf-with-dsym";
				ENABLE_NS_ASSERTIONS = NO;
				ENABLE_STRICT_OBJC_MSGSEND = YES;
				GCC_C_LANGUAGE_STANDARD = gnu11;
				GCC_NO_COMMON_BLOCKS = YES;
				GCC_WARN_64_TO_32_BIT_CONVERSION = YES;
				GCC_WARN_ABOUT_RETURN_TYPE = YES_ERROR;
				GCC_WARN_UNDECLARED_SELECTOR = YES;
				GCC_WARN_UNINITIALIZED_AUTOS = YES_AGGRESSIVE;
				GCC_WARN_UNUSED_FUNCTION = YES;
				GCC_WARN_UNUSED_VARIABLE = YES;
				IPHONEOS_DEPLOYMENT_TARGET = 15.4;
				MTL_ENABLE_DEBUG_INFO = NO;
				MTL_FAST_MATH = YES;
				SDKROOT = iphoneos;
				SWIFT_COMPILATION_MODE = wholemodule;
				SWIFT_OPTIMIZATION_LEVEL = "-O";
				VALIDATE_PRODUCT = YES;
			};
			name = Release;
		};
		39B8AE2A2805C23C00F3B104 /* Debug */ = {
			isa = XCBuildConfiguration;
			buildSettings = {
				ASSETCATALOG_COMPILER_APPICON_NAME = AppIcon;
				ASSETCATALOG_COMPILER_GLOBAL_ACCENT_COLOR_NAME = AccentColor;
				CODE_SIGN_STYLE = Automatic;
				CURRENT_PROJECT_VERSION = 1;
				GENERATE_INFOPLIST_FILE = YES;
				INFOPLIST_FILE = AppList/Info.plist;
				INFOPLIST_KEY_UIApplicationSupportsIndirectInputEvents = YES;
				INFOPLIST_KEY_UILaunchStoryboardName = LaunchScreen;
				INFOPLIST_KEY_UIMainStoryboardFile = Main;
				INFOPLIST_KEY_UISupportedInterfaceOrientations_iPad = "UIInterfaceOrientationPortrait UIInterfaceOrientationPortraitUpsideDown UIInterfaceOrientationLandscapeLeft UIInterfaceOrientationLandscapeRight";
				INFOPLIST_KEY_UISupportedInterfaceOrientations_iPhone = "UIInterfaceOrientationPortrait UIInterfaceOrientationLandscapeLeft UIInterfaceOrientationLandscapeRight";
				LD_RUNPATH_SEARCH_PATHS = (
					"$(inherited)",
					"@executable_path/Frameworks",
				);
				MARKETING_VERSION = 1.0;
				PRODUCT_BUNDLE_IDENTIFIER = br.com.brq.AppList;
				PRODUCT_NAME = "$(TARGET_NAME)";
				SWIFT_EMIT_LOC_STRINGS = YES;
				SWIFT_VERSION = 5.0;
				TARGETED_DEVICE_FAMILY = "1,2";
			};
			name = Debug;
		};
		39B8AE2B2805C23C00F3B104 /* Release */ = {
			isa = XCBuildConfiguration;
			buildSettings = {
				ASSETCATALOG_COMPILER_APPICON_NAME = AppIcon;
				ASSETCATALOG_COMPILER_GLOBAL_ACCENT_COLOR_NAME = AccentColor;
				CODE_SIGN_STYLE = Automatic;
				CURRENT_PROJECT_VERSION = 1;
				GENERATE_INFOPLIST_FILE = YES;
				INFOPLIST_FILE = AppList/Info.plist;
				INFOPLIST_KEY_UIApplicationSupportsIndirectInputEvents = YES;
				INFOPLIST_KEY_UILaunchStoryboardName = LaunchScreen;
				INFOPLIST_KEY_UIMainStoryboardFile = Main;
				INFOPLIST_KEY_UISupportedInterfaceOrientations_iPad = "UIInterfaceOrientationPortrait UIInterfaceOrientationPortraitUpsideDown UIInterfaceOrientationLandscapeLeft UIInterfaceOrientationLandscapeRight";
				INFOPLIST_KEY_UISupportedInterfaceOrientations_iPhone = "UIInterfaceOrientationPortrait UIInterfaceOrientationLandscapeLeft UIInterfaceOrientationLandscapeRight";
				LD_RUNPATH_SEARCH_PATHS = (
					"$(inherited)",
					"@executable_path/Frameworks",
				);
				MARKETING_VERSION = 1.0;
				PRODUCT_BUNDLE_IDENTIFIER = br.com.brq.AppList;
				PRODUCT_NAME = "$(TARGET_NAME)";
				SWIFT_EMIT_LOC_STRINGS = YES;
				SWIFT_VERSION = 5.0;
				TARGETED_DEVICE_FAMILY = "1,2";
			};
			name = Release;
		};
		39B8AE2D2805C23C00F3B104 /* Debug */ = {
			isa = XCBuildConfiguration;
			buildSettings = {
				ALWAYS_EMBED_SWIFT_STANDARD_LIBRARIES = YES;
				BUNDLE_LOADER = "$(TEST_HOST)";
				CODE_SIGN_STYLE = Automatic;
				CURRENT_PROJECT_VERSION = 1;
				GENERATE_INFOPLIST_FILE = YES;
				IPHONEOS_DEPLOYMENT_TARGET = 15.4;
				MARKETING_VERSION = 1.0;
				PRODUCT_BUNDLE_IDENTIFIER = br.com.brq.AppListTests;
				PRODUCT_NAME = "$(TARGET_NAME)";
				SWIFT_EMIT_LOC_STRINGS = NO;
				SWIFT_VERSION = 5.0;
				TARGETED_DEVICE_FAMILY = "1,2";
				TEST_HOST = "$(BUILT_PRODUCTS_DIR)/AppList.app/AppList";
			};
			name = Debug;
		};
		39B8AE2E2805C23C00F3B104 /* Release */ = {
			isa = XCBuildConfiguration;
			buildSettings = {
				ALWAYS_EMBED_SWIFT_STANDARD_LIBRARIES = YES;
				BUNDLE_LOADER = "$(TEST_HOST)";
				CODE_SIGN_STYLE = Automatic;
				CURRENT_PROJECT_VERSION = 1;
				GENERATE_INFOPLIST_FILE = YES;
				IPHONEOS_DEPLOYMENT_TARGET = 15.4;
				MARKETING_VERSION = 1.0;
				PRODUCT_BUNDLE_IDENTIFIER = br.com.brq.AppListTests;
				PRODUCT_NAME = "$(TARGET_NAME)";
				SWIFT_EMIT_LOC_STRINGS = NO;
				SWIFT_VERSION = 5.0;
				TARGETED_DEVICE_FAMILY = "1,2";
				TEST_HOST = "$(BUILT_PRODUCTS_DIR)/AppList.app/AppList";
			};
			name = Release;
		};
		39B8AE302805C23C00F3B104 /* Debug */ = {
			isa = XCBuildConfiguration;
			buildSettings = {
				ALWAYS_EMBED_SWIFT_STANDARD_LIBRARIES = YES;
				CODE_SIGN_STYLE = Automatic;
				CURRENT_PROJECT_VERSION = 1;
				GENERATE_INFOPLIST_FILE = YES;
				MARKETING_VERSION = 1.0;
				PRODUCT_BUNDLE_IDENTIFIER = br.com.brq.AppListUITests;
				PRODUCT_NAME = "$(TARGET_NAME)";
				SWIFT_EMIT_LOC_STRINGS = NO;
				SWIFT_VERSION = 5.0;
				TARGETED_DEVICE_FAMILY = "1,2";
				TEST_TARGET_NAME = AppList;
			};
			name = Debug;
		};
		39B8AE312805C23C00F3B104 /* Release */ = {
			isa = XCBuildConfiguration;
			buildSettings = {
				ALWAYS_EMBED_SWIFT_STANDARD_LIBRARIES = YES;
				CODE_SIGN_STYLE = Automatic;
				CURRENT_PROJECT_VERSION = 1;
				GENERATE_INFOPLIST_FILE = YES;
				MARKETING_VERSION = 1.0;
				PRODUCT_BUNDLE_IDENTIFIER = br.com.brq.AppListUITests;
				PRODUCT_NAME = "$(TARGET_NAME)";
				SWIFT_EMIT_LOC_STRINGS = NO;
				SWIFT_VERSION = 5.0;
				TARGETED_DEVICE_FAMILY = "1,2";
				TEST_TARGET_NAME = AppList;
			};
			name = Release;
		};
/* End XCBuildConfiguration section */

/* Begin XCConfigurationList section */
		39B8ADF72805C23B00F3B104 /* Build configuration list for PBXProject "AppList" */ = {
			isa = XCConfigurationList;
			buildConfigurations = (
				39B8AE272805C23C00F3B104 /* Debug */,
				39B8AE282805C23C00F3B104 /* Release */,
			);
			defaultConfigurationIsVisible = 0;
			defaultConfigurationName = Release;
		};
		39B8AE292805C23C00F3B104 /* Build configuration list for PBXNativeTarget "AppList" */ = {
			isa = XCConfigurationList;
			buildConfigurations = (
				39B8AE2A2805C23C00F3B104 /* Debug */,
				39B8AE2B2805C23C00F3B104 /* Release */,
			);
			defaultConfigurationIsVisible = 0;
			defaultConfigurationName = Release;
		};
		39B8AE2C2805C23C00F3B104 /* Build configuration list for PBXNativeTarget "AppListTests" */ = {
			isa = XCConfigurationList;
			buildConfigurations = (
				39B8AE2D2805C23C00F3B104 /* Debug */,
				39B8AE2E2805C23C00F3B104 /* Release */,
			);
			defaultConfigurationIsVisible = 0;
			defaultConfigurationName = Release;
		};
		39B8AE2F2805C23C00F3B104 /* Build configuration list for PBXNativeTarget "AppListUITests" */ = {
			isa = XCConfigurationList;
			buildConfigurations = (
				39B8AE302805C23C00F3B104 /* Debug */,
				39B8AE312805C23C00F3B104 /* Release */,
			);
			defaultConfigurationIsVisible = 0;
			defaultConfigurationName = Release;
		};
/* End XCConfigurationList section */

/* Begin XCVersionGroup section */
		39B8AE082805C23B00F3B104 /* AppList.xcdatamodeld */ = {
			isa = XCVersionGroup;
			children = (
				39B8AE092805C23B00F3B104 /* AppList.xcdatamodel */,
			);
			currentVersion = 39B8AE092805C23B00F3B104 /* AppList.xcdatamodel */;
			path = AppList.xcdatamodeld;
			sourceTree = "<group>";
			versionGroupType = wrapper.xcdatamodel;
		};
/* End XCVersionGroup section */
	};
	rootObject = 39B8ADF42805C23B00F3B104 /* Project object */;
}
